
Microsoft Visual Studio Solution File, Format Version 12.00
# Visual Studio Version 17
VisualStudioVersion = 17.9.34728.123
MinimumVisualStudioVersion = 10.0.40219.1
Project("{FAE04EC0-301F-11D3-BF4B-00C04F79EFBC}") = "Lambda_Expression_Improvements", "Lambda_Expression_Improvements\Lambda_Expression_Improvements.csproj", "{4304BA4F-1606-4694-AC4D-A7A9D04D726C}"
EndProject
Global
	GlobalSection(SolutionConfigurationPlatforms) = preSolution
		Debug|Any CPU = Debug|Any CPU
		Release|Any CPU = Release|Any CPU
	EndGlobalSection
	GlobalSection(ProjectConfigurationPlatforms) = postSolution
		{4304BA4F-1606-4694-AC4D-A7A9D04D726C}.Debug|Any CPU.ActiveCfg = Debug|Any CPU
		{4304BA4F-1606-4694-AC4D-A7A9D04D726C}.Debug|Any CPU.Build.0 = Debug|Any CPU
		{4304BA4F-1606-4694-AC4D-A7A9D04D726C}.Release|Any CPU.ActiveCfg = Release|Any CPU
		{4304BA4F-1606-4694-AC4D-A7A9D04D726C}.Release|Any CPU.Build.0 = Release|Any CPU
	EndGlobalSection
	GlobalSection(SolutionProperties) = preSolution
		HideSolutionNode = FALSE
	EndGlobalSection
	GlobalSection(ExtensibilityGlobals) = postSolution
		SolutionGuid = {DBA70713-F845-4149-84C0-50B882F292C7}
	EndGlobalSection
EndGlobal
